// !$*UTF8*$!
{
	archiveVersion = 1;
	classes = {
	};
	objectVersion = 46;
	objects = {

/* Begin PBXBuildFile section */
		37A387A61C64837C0045F23B /* main.m in Sources */ = {isa = PBXBuildFile; fileRef = 37A387A51C64837C0045F23B /* main.m */; };
		37A387A91C64837C0045F23B /* AppDelegate.m in Sources */ = {isa = PBXBuildFile; fileRef = 37A387A81C64837C0045F23B /* AppDelegate.m */; };
		37A387AC1C64837C0045F23B /* ViewController.m in Sources */ = {isa = PBXBuildFile; fileRef = 37A387AB1C64837C0045F23B /* ViewController.m */; };
		37A387AF1C64837C0045F23B /* Main.storyboard in Resources */ = {isa = PBXBuildFile; fileRef = 37A387AD1C64837C0045F23B /* Main.storyboard */; };
		37A387B11C64837C0045F23B /* Assets.xcassets in Resources */ = {isa = PBXBuildFile; fileRef = 37A387B01C64837C0045F23B /* Assets.xcassets */; };
		37A387B41C64837C0045F23B /* LaunchScreen.storyboard in Resources */ = {isa = PBXBuildFile; fileRef = 37A387B21C64837C0045F23B /* LaunchScreen.storyboard */; };
		37A387BF1C64837D0045F23B /* LifeBoardColorPickerTests.m in Sources */ = {isa = PBXBuildFile; fileRef = 37A387BE1C64837D0045F23B /* LifeBoardColorPickerTests.m */; };
		37A387CA1C64837D0045F23B /* LifeBoardColorPickerUITests.m in Sources */ = {isa = PBXBuildFile; fileRef = 37A387C91C64837D0045F23B /* LifeBoardColorPickerUITests.m */; };
/* End PBXBuildFile section */

/* Begin PBXContainerItemProxy section */
		37A387BB1C64837D0045F23B /* PBXContainerItemProxy */ = {
			isa = PBXContainerItemProxy;
			containerPortal = 37A387991C64837C0045F23B /* Project object */;
			proxyType = 1;
			remoteGlobalIDString = 37A387A01C64837C0045F23B;
			remoteInfo = LifeBoardColorPicker;
		};
		37A387C61C64837D0045F23B /* PBXContainerItemProxy */ = {
			isa = PBXContainerItemProxy;
			containerPortal = 37A387991C64837C0045F23B /* Project object */;
			proxyType = 1;
			remoteGlobalIDString = 37A387A01C64837C0045F23B;
			remoteInfo = LifeBoardColorPicker;
		};
/* End PBXContainerItemProxy section */

/* Begin PBXFileReference section */
		37A387A11C64837C0045F23B /* LifeBoardColorPicker.app */ = {isa = PBXFileReference; explicitFileType = wrapper.application; includeInIndex = 0; path = LifeBoardColorPicker.app; sourceTree = BUILT_PRODUCTS_DIR; };
		37A387A51C64837C0045F23B /* main.m */ = {isa = PBXFileReference; lastKnownFileType = sourcecode.c.objc; path = main.m; sourceTree = "<group>"; };
		37A387A71C64837C0045F23B /* AppDelegate.h */ = {isa = PBXFileReference; lastKnownFileType = sourcecode.c.h; path = AppDelegate.h; sourceTree = "<group>"; };
		37A387A81C64837C0045F23B /* AppDelegate.m */ = {isa = PBXFileReference; lastKnownFileType = sourcecode.c.objc; path = AppDelegate.m; sourceTree = "<group>"; };
		37A387AA1C64837C0045F23B /* ViewController.h */ = {isa = PBXFileReference; lastKnownFileType = sourcecode.c.h; path = ViewController.h; sourceTree = "<group>"; };
		37A387AB1C64837C0045F23B /* ViewController.m */ = {isa = PBXFileReference; lastKnownFileType = sourcecode.c.objc; path = ViewController.m; sourceTree = "<group>"; };
		37A387AE1C64837C0045F23B /* Base */ = {isa = PBXFileReference; lastKnownFileType = file.storyboard; name = Base; path = Base.lproj/Main.storyboard; sourceTree = "<group>"; };
		37A387B01C64837C0045F23B /* Assets.xcassets */ = {isa = PBXFileReference; lastKnownFileType = folder.assetcatalog; path = Assets.xcassets; sourceTree = "<group>"; };
		37A387B31C64837C0045F23B /* Base */ = {isa = PBXFileReference; lastKnownFileType = file.storyboard; name = Base; path = Base.lproj/LaunchScreen.storyboard; sourceTree = "<group>"; };
		37A387B51C64837C0045F23B /* Info.plist */ = {isa = PBXFileReference; lastKnownFileType = text.plist.xml; path = Info.plist; sourceTree = "<group>"; };
		37A387BA1C64837D0045F23B /* LifeBoardColorPickerTests.xctest */ = {isa = PBXFileReference; explicitFileType = wrapper.cfbundle; includeInIndex = 0; path = LifeBoardColorPickerTests.xctest; sourceTree = BUILT_PRODUCTS_DIR; };
		37A387BE1C64837D0045F23B /* LifeBoardColorPickerTests.m */ = {isa = PBXFileReference; lastKnownFileType = sourcecode.c.objc; path = LifeBoardColorPickerTests.m; sourceTree = "<group>"; };
		37A387C01C64837D0045F23B /* Info.plist */ = {isa = PBXFileReference; lastKnownFileType = text.plist.xml; path = Info.plist; sourceTree = "<group>"; };
		37A387C51C64837D0045F23B /* LifeBoardColorPickerUITests.xctest */ = {isa = PBXFileReference; explicitFileType = wrapper.cfbundle; includeInIndex = 0; path = LifeBoardColorPickerUITests.xctest; sourceTree = BUILT_PRODUCTS_DIR; };
		37A387C91C64837D0045F23B /* LifeBoardColorPickerUITests.m */ = {isa = PBXFileReference; lastKnownFileType = sourcecode.c.objc; path = LifeBoardColorPickerUITests.m; sourceTree = "<group>"; };
		37A387CB1C64837D0045F23B /* Info.plist */ = {isa = PBXFileReference; lastKnownFileType = text.plist.xml; path = Info.plist; sourceTree = "<group>"; };
/* End PBXFileReference section */

/* Begin PBXFrameworksBuildPhase section */
		37A3879E1C64837C0045F23B /* Frameworks */ = {
			isa = PBXFrameworksBuildPhase;
			buildActionMask = 2147483647;
			files = (
			);
			runOnlyForDeploymentPostprocessing = 0;
		};
		37A387B71C64837D0045F23B /* Frameworks */ = {
			isa = PBXFrameworksBuildPhase;
			buildActionMask = 2147483647;
			files = (
			);
			runOnlyForDeploymentPostprocessing = 0;
		};
		37A387C21C64837D0045F23B /* Frameworks */ = {
			isa = PBXFrameworksBuildPhase;
			buildActionMask = 2147483647;
			files = (
			);
			runOnlyForDeploymentPostprocessing = 0;
		};
/* End PBXFrameworksBuildPhase section */

/* Begin PBXGroup section */
		37A387981C64837C0045F23B = {
			isa = PBXGroup;
			children = (
				37A387A31C64837C0045F23B /* LifeBoardColorPicker */,
				37A387BD1C64837D0045F23B /* LifeBoardColorPickerTests */,
				37A387C81C64837D0045F23B /* LifeBoardColorPickerUITests */,
				37A387A21C64837C0045F23B /* Products */,
			);
			sourceTree = "<group>";
		};
		37A387A21C64837C0045F23B /* Products */ = {
			isa = PBXGroup;
			children = (
				37A387A11C64837C0045F23B /* LifeBoardColorPicker.app */,
				37A387BA1C64837D0045F23B /* LifeBoardColorPickerTests.xctest */,
				37A387C51C64837D0045F23B /* LifeBoardColorPickerUITests.xctest */,
			);
			name = Products;
			sourceTree = "<group>";
		};
		37A387A31C64837C0045F23B /* LifeBoardColorPicker */ = {
			isa = PBXGroup;
			children = (
				37A387A71C64837C0045F23B /* AppDelegate.h */,
				37A387A81C64837C0045F23B /* AppDelegate.m */,
				37A387AA1C64837C0045F23B /* ViewController.h */,
				37A387AB1C64837C0045F23B /* ViewController.m */,
				37A387AD1C64837C0045F23B /* Main.storyboard */,
				37A387B01C64837C0045F23B /* Assets.xcassets */,
				37A387B21C64837C0045F23B /* LaunchScreen.storyboard */,
				37A387B51C64837C0045F23B /* Info.plist */,
				37A387A41C64837C0045F23B /* Supporting Files */,
			);
			path = LifeBoardColorPicker;
			sourceTree = "<group>";
		};
		37A387A41C64837C0045F23B /* Supporting Files */ = {
			isa = PBXGroup;
			children = (
				37A387A51C64837C0045F23B /* main.m */,
			);
			name = "Supporting Files";
			sourceTree = "<group>";
		};
		37A387BD1C64837D0045F23B /* LifeBoardColorPickerTests */ = {
			isa = PBXGroup;
			children = (
				37A387BE1C64837D0045F23B /* LifeBoardColorPickerTests.m */,
				37A387C01C64837D0045F23B /* Info.plist */,
			);
			path = LifeBoardColorPickerTests;
			sourceTree = "<group>";
		};
		37A387C81C64837D0045F23B /* LifeBoardColorPickerUITests */ = {
			isa = PBXGroup;
			children = (
				37A387C91C64837D0045F23B /* LifeBoardColorPickerUITests.m */,
				37A387CB1C64837D0045F23B /* Info.plist */,
			);
			path = LifeBoardColorPickerUITests;
			sourceTree = "<group>";
		};
/* End PBXGroup section */

/* Begin PBXNativeTarget section */
		37A387A01C64837C0045F23B /* LifeBoardColorPicker */ = {
			isa = PBXNativeTarget;
			buildConfigurationList = 37A387CE1C64837D0045F23B /* Build configuration list for PBXNativeTarget "LifeBoardColorPicker" */;
			buildPhases = (
				37A3879D1C64837C0045F23B /* Sources */,
				37A3879E1C64837C0045F23B /* Frameworks */,
				37A3879F1C64837C0045F23B /* Resources */,
			);
			buildRules = (
			);
			dependencies = (
			);
			name = LifeBoardColorPicker;
			productName = LifeBoardColorPicker;
			productReference = 37A387A11C64837C0045F23B /* LifeBoardColorPicker.app */;
			productType = "com.apple.product-type.application";
		};
		37A387B91C64837D0045F23B /* LifeBoardColorPickerTests */ = {
			isa = PBXNativeTarget;
			buildConfigurationList = 37A387D11C64837D0045F23B /* Build configuration list for PBXNativeTarget "LifeBoardColorPickerTests" */;
			buildPhases = (
				37A387B61C64837D0045F23B /* Sources */,
				37A387B71C64837D0045F23B /* Frameworks */,
				37A387B81C64837D0045F23B /* Resources */,
			);
			buildRules = (
			);
			dependencies = (
				37A387BC1C64837D0045F23B /* PBXTargetDependency */,
			);
			name = LifeBoardColorPickerTests;
			productName = LifeBoardColorPickerTests;
			productReference = 37A387BA1C64837D0045F23B /* LifeBoardColorPickerTests.xctest */;
			productType = "com.apple.product-type.bundle.unit-test";
		};
		37A387C41C64837D0045F23B /* LifeBoardColorPickerUITests */ = {
			isa = PBXNativeTarget;
			buildConfigurationList = 37A387D41C64837D0045F23B /* Build configuration list for PBXNativeTarget "LifeBoardColorPickerUITests" */;
			buildPhases = (
				37A387C11C64837D0045F23B /* Sources */,
				37A387C21C64837D0045F23B /* Frameworks */,
				37A387C31C64837D0045F23B /* Resources */,
			);
			buildRules = (
			);
			dependencies = (
				37A387C71C64837D0045F23B /* PBXTargetDependency */,
			);
			name = LifeBoardColorPickerUITests;
			productName = LifeBoardColorPickerUITests;
			productReference = 37A387C51C64837D0045F23B /* LifeBoardColorPickerUITests.xctest */;
			productType = "com.apple.product-type.bundle.ui-testing";
		};
/* End PBXNativeTarget section */

/* Begin PBXProject section */
		37A387991C64837C0045F23B /* Project object */ = {
			isa = PBXProject;
			attributes = {
				LastUpgradeCheck = 0720;
				ORGANIZATIONNAME = "NocTis Chang";
				TargetAttributes = {
					37A387A01C64837C0045F23B = {
						CreatedOnToolsVersion = 7.2;
					};
					37A387B91C64837D0045F23B = {
						CreatedOnToolsVersion = 7.2;
						TestTargetID = 37A387A01C64837C0045F23B;
					};
					37A387C41C64837D0045F23B = {
						CreatedOnToolsVersion = 7.2;
						TestTargetID = 37A387A01C64837C0045F23B;
					};
				};
			};
			buildConfigurationList = 37A3879C1C64837C0045F23B /* Build configuration list for PBXProject "LifeBoardColorPicker" */;
			compatibilityVersion = "Xcode 3.2";
			developmentRegion = English;
			hasScannedForEncodings = 0;
			knownRegions = (
				en,
				Base,
			);
			mainGroup = 37A387981C64837C0045F23B;
			productRefGroup = 37A387A21C64837C0045F23B /* Products */;
			projectDirPath = "";
			projectRoot = "";
			targets = (
				37A387A01C64837C0045F23B /* LifeBoardColorPicker */,
				37A387B91C64837D0045F23B /* LifeBoardColorPickerTests */,
				37A387C41C64837D0045F23B /* LifeBoardColorPickerUITests */,
			);
		};
/* End PBXProject section */

/* Begin PBXResourcesBuildPhase section */
		37A3879F1C64837C0045F23B /* Resources */ = {
			isa = PBXResourcesBuildPhase;
			buildActionMask = 2147483647;
			files = (
				37A387B41C64837C0045F23B /* LaunchScreen.storyboard in Resources */,
				37A387B11C64837C0045F23B /* Assets.xcassets in Resources */,
				37A387AF1C64837C0045F23B /* Main.storyboard in Resources */,
			);
			runOnlyForDeploymentPostprocessing = 0;
		};
		37A387B81C64837D0045F23B /* Resources */ = {
			isa = PBXResourcesBuildPhase;
			buildActionMask = 2147483647;
			files = (
			);
			runOnlyForDeploymentPostprocessing = 0;
		};
		37A387C31C64837D0045F23B /* Resources */ = {
			isa = PBXResourcesBuildPhase;
			buildActionMask = 2147483647;
			files = (
			);
			runOnlyForDeploymentPostprocessing = 0;
		};
/* End PBXResourcesBuildPhase section */

/* Begin PBXSourcesBuildPhase section */
		37A3879D1C64837C0045F23B /* Sources */ = {
			isa = PBXSourcesBuildPhase;
			buildActionMask = 2147483647;
			files = (
				37A387AC1C64837C0045F23B /* ViewController.m in Sources */,
				37A387A91C64837C0045F23B /* AppDelegate.m in Sources */,
				37A387A61C64837C0045F23B /* main.m in Sources */,
			);
			runOnlyForDeploymentPostprocessing = 0;
		};
		37A387B61C64837D0045F23B /* Sources */ = {
			isa = PBXSourcesBuildPhase;
			buildActionMask = 2147483647;
			files = (
				37A387BF1C64837D0045F23B /* LifeBoardColorPickerTests.m in Sources */,
			);
			runOnlyForDeploymentPostprocessing = 0;
		};
		37A387C11C64837D0045F23B /* Sources */ = {
			isa = PBXSourcesBuildPhase;
			buildActionMask = 2147483647;
			files = (
				37A387CA1C64837D0045F23B /* LifeBoardColorPickerUITests.m in Sources */,
			);
			runOnlyForDeploymentPostprocessing = 0;
		};
/* End PBXSourcesBuildPhase section */

/* Begin PBXTargetDependency section */
		37A387BC1C64837D0045F23B /* PBXTargetDependency */ = {
			isa = PBXTargetDependency;
			target = 37A387A01C64837C0045F23B /* LifeBoardColorPicker */;
			targetProxy = 37A387BB1C64837D0045F23B /* PBXContainerItemProxy */;
		};
		37A387C71C64837D0045F23B /* PBXTargetDependency */ = {
			isa = PBXTargetDependency;
			target = 37A387A01C64837C0045F23B /* LifeBoardColorPicker */;
			targetProxy = 37A387C61C64837D0045F23B /* PBXContainerItemProxy */;
		};
/* End PBXTargetDependency section */

/* Begin PBXVariantGroup section */
		37A387AD1C64837C0045F23B /* Main.storyboard */ = {
			isa = PBXVariantGroup;
			children = (
				37A387AE1C64837C0045F23B /* Base */,
			);
			name = Main.storyboard;
			sourceTree = "<group>";
		};
		37A387B21C64837C0045F23B /* LaunchScreen.storyboard */ = {
			isa = PBXVariantGroup;
			children = (
				37A387B31C64837C0045F23B /* Base */,
			);
			name = LaunchScreen.storyboard;
			sourceTree = "<group>";
		};
/* End PBXVariantGroup section */

/* Begin XCBuildConfiguration section */
		37A387CC1C64837D0045F23B /* Debug */ = {
			isa = XCBuildConfiguration;
			buildSettings = {
				ALWAYS_SEARCH_USER_PATHS = NO;
				CLANG_CXX_LANGUAGE_STANDARD = "gnu++0x";
				CLANG_CXX_LIBRARY = "libc++";
				CLANG_ENABLE_MODULES = YES;
				CLANG_ENABLE_OBJC_ARC = YES;
				CLANG_WARN_BOOL_CONVERSION = YES;
				CLANG_WARN_CONSTANT_CONVERSION = YES;
				CLANG_WARN_DIRECT_OBJC_ISA_USAGE = YES_ERROR;
				CLANG_WARN_EMPTY_BODY = YES;
				CLANG_WARN_ENUM_CONVERSION = YES;
				CLANG_WARN_INT_CONVERSION = YES;
				CLANG_WARN_OBJC_ROOT_CLASS = YES_ERROR;
				CLANG_WARN_UNREACHABLE_CODE = YES;
				CLANG_WARN__DUPLICATE_METHOD_MATCH = YES;
				"CODE_SIGN_IDENTITY[sdk=iphoneos*]" = "iPhone Developer";
				COPY_PHASE_STRIP = NO;
				DEBUG_INFORMATION_FORMAT = dwarf;
				ENABLE_STRICT_OBJC_MSGSEND = YES;
				ENABLE_TESTABILITY = YES;
				GCC_C_LANGUAGE_STANDARD = gnu99;
				GCC_DYNAMIC_NO_PIC = NO;
				GCC_NO_COMMON_BLOCKS = YES;
				GCC_OPTIMIZATION_LEVEL = 0;
				GCC_PREPROCESSOR_DEFINITIONS = (
					"DEBUG=1",
					"$(inherited)",
				);
				GCC_WARN_64_TO_32_BIT_CONVERSION = YES;
				GCC_WARN_ABOUT_RETURN_TYPE = YES_ERROR;
				GCC_WARN_UNDECLARED_SELECTOR = YES;
				GCC_WARN_UNINITIALIZED_AUTOS = YES_AGGRESSIVE;
				GCC_WARN_UNUSED_FUNCTION = YES;
				GCC_WARN_UNUSED_VARIABLE = YES;
				IPHONEOS_DEPLOYMENT_TARGET = 9.2;
				MTL_ENABLE_DEBUG_INFO = YES;
				ONLY_ACTIVE_ARCH = YES;
				SDKROOT = iphoneos;
				TARGETED_DEVICE_FAMILY = "1,2";
			};
			name = Debug;
		};
		37A387CD1C64837D0045F23B /* Release */ = {
			isa = XCBuildConfiguration;
			buildSettings = {
				ALWAYS_SEARCH_USER_PATHS = NO;
				CLANG_CXX_LANGUAGE_STANDARD = "gnu++0x";
				CLANG_CXX_LIBRARY = "libc++";
				CLANG_ENABLE_MODULES = YES;
				CLANG_ENABLE_OBJC_ARC = YES;
				CLANG_WARN_BOOL_CONVERSION = YES;
				CLANG_WARN_CONSTANT_CONVERSION = YES;
				CLANG_WARN_DIRECT_OBJC_ISA_USAGE = YES_ERROR;
				CLANG_WARN_EMPTY_BODY = YES;
				CLANG_WARN_ENUM_CONVERSION = YES;
				CLANG_WARN_INT_CONVERSION = YES;
				CLANG_WARN_OBJC_ROOT_CLASS = YES_ERROR;
				CLANG_WARN_UNREACHABLE_CODE = YES;
				CLANG_WARN__DUPLICATE_METHOD_MATCH = YES;
				"CODE_SIGN_IDENTITY[sdk=iphoneos*]" = "iPhone Developer";
				COPY_PHASE_STRIP = NO;
				DEBUG_INFORMATION_FORMAT = "dwarf-with-dsym";
				ENABLE_NS_ASSERTIONS = NO;
				ENABLE_STRICT_OBJC_MSGSEND = YES;
				GCC_C_LANGUAGE_STANDARD = gnu99;
				GCC_NO_COMMON_BLOCKS = YES;
				GCC_WARN_64_TO_32_BIT_CONVERSION = YES;
				GCC_WARN_ABOUT_RETURN_TYPE = YES_ERROR;
				GCC_WARN_UNDECLARED_SELECTOR = YES;
				GCC_WARN_UNINITIALIZED_AUTOS = YES_AGGRESSIVE;
				GCC_WARN_UNUSED_FUNCTION = YES;
				GCC_WARN_UNUSED_VARIABLE = YES;
				IPHONEOS_DEPLOYMENT_TARGET = 9.2;
				MTL_ENABLE_DEBUG_INFO = NO;
				SDKROOT = iphoneos;
				TARGETED_DEVICE_FAMILY = "1,2";
				VALIDATE_PRODUCT = YES;
			};
			name = Release;
		};
		37A387CF1C64837D0045F23B /* Debug */ = {
			isa = XCBuildConfiguration;
			buildSettings = {
				ASSETCATALOG_COMPILER_APPICON_NAME = AppIcon;
				INFOPLIST_FILE = LifeBoardColorPicker/Info.plist;
				LD_RUNPATH_SEARCH_PATHS = "$(inherited) @executable_path/Frameworks";
				PRODUCT_BUNDLE_IDENTIFIER = com.Personal.NoahChang.LifeBoardColorPicker;
				PRODUCT_NAME = "$(TARGET_NAME)";
			};
			name = Debug;
		};
		37A387D01C64837D0045F23B /* Release */ = {
			isa = XCBuildConfiguration;
			buildSettings = {
				ASSETCATALOG_COMPILER_APPICON_NAME = AppIcon;
				INFOPLIST_FILE = LifeBoardColorPicker/Info.plist;
				LD_RUNPATH_SEARCH_PATHS = "$(inherited) @executable_path/Frameworks";
				PRODUCT_BUNDLE_IDENTIFIER = com.Personal.NoahChang.LifeBoardColorPicker;
				PRODUCT_NAME = "$(TARGET_NAME)";
			};
			name = Release;
		};
		37A387D21C64837D0045F23B /* Debug */ = {
			isa = XCBuildConfiguration;
			buildSettings = {
				BUNDLE_LOADER = "$(TEST_HOST)";
				INFOPLIST_FILE = LifeBoardColorPickerTests/Info.plist;
				LD_RUNPATH_SEARCH_PATHS = "$(inherited) @executable_path/Frameworks @loader_path/Frameworks";
				PRODUCT_BUNDLE_IDENTIFIER = com.Personal.NoahChang.LifeBoardColorPickerTests;
				PRODUCT_NAME = "$(TARGET_NAME)";
				TEST_HOST = "$(BUILT_PRODUCTS_DIR)/LifeBoardColorPicker.app/LifeBoardColorPicker";
			};
			name = Debug;
		};
		37A387D31C64837D0045F23B /* Release */ = {
			isa = XCBuildConfiguration;
			buildSettings = {
				BUNDLE_LOADER = "$(TEST_HOST)";
				INFOPLIST_FILE = LifeBoardColorPickerTests/Info.plist;
				LD_RUNPATH_SEARCH_PATHS = "$(inherited) @executable_path/Frameworks @loader_path/Frameworks";
				PRODUCT_BUNDLE_IDENTIFIER = com.Personal.NoahChang.LifeBoardColorPickerTests;
				PRODUCT_NAME = "$(TARGET_NAME)";
				TEST_HOST = "$(BUILT_PRODUCTS_DIR)/LifeBoardColorPicker.app/LifeBoardColorPicker";
			};
			name = Release;
		};
		37A387D51C64837D0045F23B /* Debug */ = {
			isa = XCBuildConfiguration;
			buildSettings = {
				INFOPLIST_FILE = LifeBoardColorPickerUITests/Info.plist;
				LD_RUNPATH_SEARCH_PATHS = "$(inherited) @executable_path/Frameworks @loader_path/Frameworks";
				PRODUCT_BUNDLE_IDENTIFIER = com.Personal.NoahChang.LifeBoardColorPickerUITests;
				PRODUCT_NAME = "$(TARGET_NAME)";
				TEST_TARGET_NAME = LifeBoardColorPicker;
				USES_XCTRUNNER = YES;
			};
			name = Debug;
		};
		37A387D61C64837D0045F23B /* Release */ = {
			isa = XCBuildConfiguration;
			buildSettings = {
				INFOPLIST_FILE = LifeBoardColorPickerUITests/Info.plist;
				LD_RUNPATH_SEARCH_PATHS = "$(inherited) @executable_path/Frameworks @loader_path/Frameworks";
				PRODUCT_BUNDLE_IDENTIFIER = com.Personal.NoahChang.LifeBoardColorPickerUITests;
				PRODUCT_NAME = "$(TARGET_NAME)";
				TEST_TARGET_NAME = LifeBoardColorPicker;
				USES_XCTRUNNER = YES;
			};
			name = Release;
		};
/* End XCBuildConfiguration section */

/* Begin XCConfigurationList section */
		37A3879C1C64837C0045F23B /* Build configuration list for PBXProject "LifeBoardColorPicker" */ = {
			isa = XCConfigurationList;
			buildConfigurations = (
				37A387CC1C64837D0045F23B /* Debug */,
				37A387CD1C64837D0045F23B /* Release */,
			);
			defaultConfigurationIsVisible = 0;
			defaultConfigurationName = Release;
		};
		37A387CE1C64837D0045F23B /* Build configuration list for PBXNativeTarget "LifeBoardColorPicker" */ = {
			isa = XCConfigurationList;
			buildConfigurations = (
				37A387CF1C64837D0045F23B /* Debug */,
				37A387D01C64837D0045F23B /* Release */,
			);
			defaultConfigurationIsVisible = 0;
		};
		37A387D11C64837D0045F23B /* Build configuration list for PBXNativeTarget "LifeBoardColorPickerTests" */ = {
			isa = XCConfigurationList;
			buildConfigurations = (
				37A387D21C64837D0045F23B /* Debug */,
				37A387D31C64837D0045F23B /* Release */,
			);
			defaultConfigurationIsVisible = 0;
		};
		37A387D41C64837D0045F23B /* Build configuration list for PBXNativeTarget "LifeBoardColorPickerUITests" */ = {
			isa = XCConfigurationList;
			buildConfigurations = (
				37A387D51C64837D0045F23B /* Debug */,
				37A387D61C64837D0045F23B /* Release */,
			);
			defaultConfigurationIsVisible = 0;
		};
/* End XCConfigurationList section */
	};
	rootObject = 37A387991C64837C0045F23B /* Project object */;
}
